
Microsoft Visual Studio Solution File, Format Version 12.00
# Visual Studio Version 17
VisualStudioVersion = 17.0.31903.59
MinimumVisualStudioVersion = 10.0.40219.1
Project("{FAE04EC0-301F-11D3-BF4B-00C04F79EFBC}") = "trabalhofinal", "trabalhofinal.csproj", "{06745A26-E499-4F51-9C32-C96CD84D42ED}"
EndProject
Global
	GlobalSection(SolutionConfigurationPlatforms) = preSolution
		Debug|Any CPU = Debug|Any CPU
		Release|Any CPU = Release|Any CPU
	EndGlobalSection
	GlobalSection(ProjectConfigurationPlatforms) = postSolution
		{06745A26-E499-4F51-9C32-C96CD84D42ED}.Debug|Any CPU.ActiveCfg = Debug|Any CPU
		{06745A26-E499-4F51-9C32-C96CD84D42ED}.Debug|Any CPU.Build.0 = Debug|Any CPU
		{06745A26-E499-4F51-9C32-C96CD84D42ED}.Release|Any CPU.ActiveCfg = Release|Any CPU
		{06745A26-E499-4F51-9C32-C96CD84D42ED}.Release|Any CPU.Build.0 = Release|Any CPU
	EndGlobalSection
	GlobalSection(SolutionProperties) = preSolution
		HideSolutionNode = FALSE
	EndGlobalSection
	GlobalSection(ExtensibilityGlobals) = postSolution
		SolutionGuid = {076CD2A2-6E0B-489C-BC66-1B850A936A11}
	EndGlobalSection
EndGlobal
